
Microsoft Visual Studio Solution File, Format Version 12.00
# Visual Studio Version 16
VisualStudioVersion = 16.0.30804.86
MinimumVisualStudioVersion = 10.0.40219.1
Project("{9A19103F-16F7-4668-BE54-9A1E7A4F7556}") = "DND Character Sheet", "DND Character Sheet\DND Character Sheet.csproj", "{FEA4E89A-20C4-4C03-A198-977489E32ED8}"
EndProject
Project("{9A19103F-16F7-4668-BE54-9A1E7A4F7556}") = "DND Character Sheet Unit Tests", "DND Character Sheet Unit Tests\DND Character Sheet Unit Tests.csproj", "{AB6D2D31-CF52-46D0-A5D7-55726D8237D8}"
EndProject
Project("{C7167F0D-BC9F-4E6E-AFE1-012C56B48DB5}") = "Packaging Project", "Packaging Project\Packaging Project.wapproj", "{D01B57E5-A1FC-482D-9479-3040BCFD9C73}"
EndProject
Global
	GlobalSection(SolutionConfigurationPlatforms) = preSolution
		Debug|Any CPU = Debug|Any CPU
		Debug|ARM = Debug|ARM
		Debug|ARM64 = Debug|ARM64
		Debug|x64 = Debug|x64
		Debug|x86 = Debug|x86
		Release|Any CPU = Release|Any CPU
		Release|ARM = Release|ARM
		Release|ARM64 = Release|ARM64
		Release|x64 = Release|x64
		Release|x86 = Release|x86
	EndGlobalSection
	GlobalSection(ProjectConfigurationPlatforms) = postSolution
		{FEA4E89A-20C4-4C03-A198-977489E32ED8}.Debug|Any CPU.ActiveCfg = Debug|Any CPU
		{FEA4E89A-20C4-4C03-A198-977489E32ED8}.Debug|Any CPU.Build.0 = Debug|Any CPU
		{FEA4E89A-20C4-4C03-A198-977489E32ED8}.Debug|ARM.ActiveCfg = Debug|Any CPU
		{FEA4E89A-20C4-4C03-A198-977489E32ED8}.Debug|ARM.Build.0 = Debug|Any CPU
		{FEA4E89A-20C4-4C03-A198-977489E32ED8}.Debug|ARM64.ActiveCfg = Debug|Any CPU
		{FEA4E89A-20C4-4C03-A198-977489E32ED8}.Debug|ARM64.Build.0 = Debug|Any CPU
		{FEA4E89A-20C4-4C03-A198-977489E32ED8}.Debug|x64.ActiveCfg = Debug|Any CPU
		{FEA4E89A-20C4-4C03-A198-977489E32ED8}.Debug|x64.Build.0 = Debug|Any CPU
		{FEA4E89A-20C4-4C03-A198-977489E32ED8}.Debug|x86.ActiveCfg = Debug|Any CPU
		{FEA4E89A-20C4-4C03-A198-977489E32ED8}.Debug|x86.Build.0 = Debug|Any CPU
		{FEA4E89A-20C4-4C03-A198-977489E32ED8}.Release|Any CPU.ActiveCfg = Release|Any CPU
		{FEA4E89A-20C4-4C03-A198-977489E32ED8}.Release|Any CPU.Build.0 = Release|Any CPU
		{FEA4E89A-20C4-4C03-A198-977489E32ED8}.Release|ARM.ActiveCfg = Release|Any CPU
		{FEA4E89A-20C4-4C03-A198-977489E32ED8}.Release|ARM.Build.0 = Release|Any CPU
		{FEA4E89A-20C4-4C03-A198-977489E32ED8}.Release|ARM64.ActiveCfg = Release|Any CPU
		{FEA4E89A-20C4-4C03-A198-977489E32ED8}.Release|ARM64.Build.0 = Release|Any CPU
		{FEA4E89A-20C4-4C03-A198-977489E32ED8}.Release|x64.ActiveCfg = Release|x64
		{FEA4E89A-20C4-4C03-A198-977489E32ED8}.Release|x64.Build.0 = Release|x64
		{FEA4E89A-20C4-4C03-A198-977489E32ED8}.Release|x86.ActiveCfg = Release|Any CPU
		{FEA4E89A-20C4-4C03-A198-977489E32ED8}.Release|x86.Build.0 = Release|Any CPU
		{AB6D2D31-CF52-46D0-A5D7-55726D8237D8}.Debug|Any CPU.ActiveCfg = Debug|Any CPU
		{AB6D2D31-CF52-46D0-A5D7-55726D8237D8}.Debug|Any CPU.Build.0 = Debug|Any CPU
		{AB6D2D31-CF52-46D0-A5D7-55726D8237D8}.Debug|ARM.ActiveCfg = Debug|Any CPU
		{AB6D2D31-CF52-46D0-A5D7-55726D8237D8}.Debug|ARM.Build.0 = Debug|Any CPU
		{AB6D2D31-CF52-46D0-A5D7-55726D8237D8}.Debug|ARM64.ActiveCfg = Debug|Any CPU
		{AB6D2D31-CF52-46D0-A5D7-55726D8237D8}.Debug|ARM64.Build.0 = Debug|Any CPU
		{AB6D2D31-CF52-46D0-A5D7-55726D8237D8}.Debug|x64.ActiveCfg = Debug|Any CPU
		{AB6D2D31-CF52-46D0-A5D7-55726D8237D8}.Debug|x64.Build.0 = Debug|Any CPU
		{AB6D2D31-CF52-46D0-A5D7-55726D8237D8}.Debug|x86.ActiveCfg = Debug|Any CPU
		{AB6D2D31-CF52-46D0-A5D7-55726D8237D8}.Debug|x86.Build.0 = Debug|Any CPU
		{AB6D2D31-CF52-46D0-A5D7-55726D8237D8}.Release|Any CPU.ActiveCfg = Release|Any CPU
		{AB6D2D31-CF52-46D0-A5D7-55726D8237D8}.Release|Any CPU.Build.0 = Release|Any CPU
		{AB6D2D31-CF52-46D0-A5D7-55726D8237D8}.Release|ARM.ActiveCfg = Release|Any CPU
		{AB6D2D31-CF52-46D0-A5D7-55726D8237D8}.Release|ARM.Build.0 = Release|Any CPU
		{AB6D2D31-CF52-46D0-A5D7-55726D8237D8}.Release|ARM64.ActiveCfg = Release|Any CPU
		{AB6D2D31-CF52-46D0-A5D7-55726D8237D8}.Release|ARM64.Build.0 = Release|Any CPU
		{AB6D2D31-CF52-46D0-A5D7-55726D8237D8}.Release|x64.ActiveCfg = Release|x64
		{AB6D2D31-CF52-46D0-A5D7-55726D8237D8}.Release|x64.Build.0 = Release|x64
		{AB6D2D31-CF52-46D0-A5D7-55726D8237D8}.Release|x86.ActiveCfg = Release|Any CPU
		{AB6D2D31-CF52-46D0-A5D7-55726D8237D8}.Release|x86.Build.0 = Release|Any CPU
		{D01B57E5-A1FC-482D-9479-3040BCFD9C73}.Debug|Any CPU.ActiveCfg = Debug|x64
		{D01B57E5-A1FC-482D-9479-3040BCFD9C73}.Debug|Any CPU.Build.0 = Debug|x64
		{D01B57E5-A1FC-482D-9479-3040BCFD9C73}.Debug|Any CPU.Deploy.0 = Debug|x64
		{D01B57E5-A1FC-482D-9479-3040BCFD9C73}.Debug|ARM.ActiveCfg = Debug|ARM
		{D01B57E5-A1FC-482D-9479-3040BCFD9C73}.Debug|ARM.Build.0 = Debug|ARM
		{D01B57E5-A1FC-482D-9479-3040BCFD9C73}.Debug|ARM.Deploy.0 = Debug|ARM
		{D01B57E5-A1FC-482D-9479-3040BCFD9C73}.Debug|ARM64.ActiveCfg = Debug|ARM64
		{D01B57E5-A1FC-482D-9479-3040BCFD9C73}.Debug|ARM64.Build.0 = Debug|ARM64
		{D01B57E5-A1FC-482D-9479-3040BCFD9C73}.Debug|ARM64.Deploy.0 = Debug|ARM64
		{D01B57E5-A1FC-482D-9479-3040BCFD9C73}.Debug|x64.ActiveCfg = Debug|x64
		{D01B57E5-A1FC-482D-9479-3040BCFD9C73}.Debug|x64.Build.0 = Debug|x64
		{D01B57E5-A1FC-482D-9479-3040BCFD9C73}.Debug|x64.Deploy.0 = Debug|x64
		{D01B57E5-A1FC-482D-9479-3040BCFD9C73}.Debug|x86.ActiveCfg = Debug|x86
		{D01B57E5-A1FC-482D-9479-3040BCFD9C73}.Debug|x86.Build.0 = Debug|x86
		{D01B57E5-A1FC-482D-9479-3040BCFD9C73}.Debug|x86.Deploy.0 = Debug|x86
		{D01B57E5-A1FC-482D-9479-3040BCFD9C73}.Release|Any CPU.ActiveCfg = Release|Any CPU
		{D01B57E5-A1FC-482D-9479-3040BCFD9C73}.Release|Any CPU.Build.0 = Release|Any CPU
		{D01B57E5-A1FC-482D-9479-3040BCFD9C73}.Release|Any CPU.Deploy.0 = Release|Any CPU
		{D01B57E5-A1FC-482D-9479-3040BCFD9C73}.Release|ARM.ActiveCfg = Release|ARM
		{D01B57E5-A1FC-482D-9479-3040BCFD9C73}.Release|ARM.Build.0 = Release|ARM
		{D01B57E5-A1FC-482D-9479-3040BCFD9C73}.Release|ARM.Deploy.0 = Release|ARM
		{D01B57E5-A1FC-482D-9479-3040BCFD9C73}.Release|ARM64.ActiveCfg = Release|ARM64
		{D01B57E5-A1FC-482D-9479-3040BCFD9C73}.Release|ARM64.Build.0 = Release|ARM64
		{D01B57E5-A1FC-482D-9479-3040BCFD9C73}.Release|ARM64.Deploy.0 = Release|ARM64
		{D01B57E5-A1FC-482D-9479-3040BCFD9C73}.Release|x64.ActiveCfg = Release|x64
		{D01B57E5-A1FC-482D-9479-3040BCFD9C73}.Release|x64.Build.0 = Release|x64
		{D01B57E5-A1FC-482D-9479-3040BCFD9C73}.Release|x64.Deploy.0 = Release|x64
		{D01B57E5-A1FC-482D-9479-3040BCFD9C73}.Release|x86.ActiveCfg = Release|x86
		{D01B57E5-A1FC-482D-9479-3040BCFD9C73}.Release|x86.Build.0 = Release|x86
		{D01B57E5-A1FC-482D-9479-3040BCFD9C73}.Release|x86.Deploy.0 = Release|x86
	EndGlobalSection
	GlobalSection(SolutionProperties) = preSolution
		HideSolutionNode = FALSE
	EndGlobalSection
	GlobalSection(ExtensibilityGlobals) = postSolution
		SolutionGuid = {1181D1E1-757D-4083-BF75-AE85AA24FF9A}
	EndGlobalSection
EndGlobal
